// !$*UTF8*$!
{
	archiveVersion = 1;
	classes = {
	};
	objectVersion = 46;
	objects = {

/* Begin PBXBuildFile section */
		02C099441D3AFA7600625B97 /* AppDelegate.swift in Sources */ = {isa = PBXBuildFile; fileRef = 02C099431D3AFA7600625B97 /* AppDelegate.swift */; };
		02C099461D3AFA7600625B97 /* ViewController.swift in Sources */ = {isa = PBXBuildFile; fileRef = 02C099451D3AFA7600625B97 /* ViewController.swift */; };
		02C099491D3AFA7600625B97 /* Main.storyboard in Resources */ = {isa = PBXBuildFile; fileRef = 02C099471D3AFA7600625B97 /* Main.storyboard */; };
		02C0994B1D3AFA7600625B97 /* Assets.xcassets in Resources */ = {isa = PBXBuildFile; fileRef = 02C0994A1D3AFA7600625B97 /* Assets.xcassets */; };
		02C0994E1D3AFA7600625B97 /* LaunchScreen.storyboard in Resources */ = {isa = PBXBuildFile; fileRef = 02C0994C1D3AFA7600625B97 /* LaunchScreen.storyboard */; };
		02C099591D3AFA7600625B97 /* etlTests.swift in Sources */ = {isa = PBXBuildFile; fileRef = 02C099581D3AFA7600625B97 /* etlTests.swift */; };
		02C099671D3AFBD300625B97 /* EtlTest.swift in Sources */ = {isa = PBXBuildFile; fileRef = 02C099661D3AFBD300625B97 /* EtlTest.swift */; };
		02C0996B1D3AFD6900625B97 /* ETL.swift in Sources */ = {isa = PBXBuildFile; fileRef = 02C0996A1D3AFD6900625B97 /* ETL.swift */; };
		02C0996C1D3AFD6900625B97 /* ETL.swift in Sources */ = {isa = PBXBuildFile; fileRef = 02C0996A1D3AFD6900625B97 /* ETL.swift */; };
/* End PBXBuildFile section */

/* Begin PBXContainerItemProxy section */
		02C099551D3AFA7600625B97 /* PBXContainerItemProxy */ = {
			isa = PBXContainerItemProxy;
			containerPortal = 02C099381D3AFA7600625B97 /* Project object */;
			proxyType = 1;
			remoteGlobalIDString = 02C0993F1D3AFA7600625B97;
			remoteInfo = etl;
		};
/* End PBXContainerItemProxy section */

/* Begin PBXFileReference section */
		02C099401D3AFA7600625B97 /* etl.app */ = {isa = PBXFileReference; explicitFileType = wrapper.application; includeInIndex = 0; path = etl.app; sourceTree = BUILT_PRODUCTS_DIR; };
		02C099431D3AFA7600625B97 /* AppDelegate.swift */ = {isa = PBXFileReference; lastKnownFileType = sourcecode.swift; path = AppDelegate.swift; sourceTree = "<group>"; };
		02C099451D3AFA7600625B97 /* ViewController.swift */ = {isa = PBXFileReference; lastKnownFileType = sourcecode.swift; path = ViewController.swift; sourceTree = "<group>"; };
		02C099481D3AFA7600625B97 /* Base */ = {isa = PBXFileReference; lastKnownFileType = file.storyboard; name = Base; path = Base.lproj/Main.storyboard; sourceTree = "<group>"; };
		02C0994A1D3AFA7600625B97 /* Assets.xcassets */ = {isa = PBXFileReference; lastKnownFileType = folder.assetcatalog; path = Assets.xcassets; sourceTree = "<group>"; };
		02C0994D1D3AFA7600625B97 /* Base */ = {isa = PBXFileReference; lastKnownFileType = file.storyboard; name = Base; path = Base.lproj/LaunchScreen.storyboard; sourceTree = "<group>"; };
		02C0994F1D3AFA7600625B97 /* Info.plist */ = {isa = PBXFileReference; lastKnownFileType = text.plist.xml; path = Info.plist; sourceTree = "<group>"; };
		02C099541D3AFA7600625B97 /* etlTests.xctest */ = {isa = PBXFileReference; explicitFileType = wrapper.cfbundle; includeInIndex = 0; path = etlTests.xctest; sourceTree = BUILT_PRODUCTS_DIR; };
		02C099581D3AFA7600625B97 /* etlTests.swift */ = {isa = PBXFileReference; lastKnownFileType = sourcecode.swift; path = etlTests.swift; sourceTree = "<group>"; };
		02C0995A1D3AFA7600625B97 /* Info.plist */ = {isa = PBXFileReference; lastKnownFileType = text.plist.xml; path = Info.plist; sourceTree = "<group>"; };
		02C099661D3AFBD300625B97 /* EtlTest.swift */ = {isa = PBXFileReference; fileEncoding = 4; lastKnownFileType = sourcecode.swift; path = EtlTest.swift; sourceTree = "<group>"; };
		02C0996A1D3AFD6900625B97 /* ETL.swift */ = {isa = PBXFileReference; fileEncoding = 4; lastKnownFileType = sourcecode.swift; path = ETL.swift; sourceTree = "<group>"; };
/* End PBXFileReference section */

/* Begin PBXFrameworksBuildPhase section */
		02C0993D1D3AFA7600625B97 /* Frameworks */ = {
			isa = PBXFrameworksBuildPhase;
			buildActionMask = 2147483647;
			files = (
			);
			runOnlyForDeploymentPostprocessing = 0;
		};
		02C099511D3AFA7600625B97 /* Frameworks */ = {
			isa = PBXFrameworksBuildPhase;
			buildActionMask = 2147483647;
			files = (
			);
			runOnlyForDeploymentPostprocessing = 0;
		};
/* End PBXFrameworksBuildPhase section */

/* Begin PBXGroup section */
		02C099371D3AFA7600625B97 = {
			isa = PBXGroup;
			children = (
				02C099421D3AFA7600625B97 /* etl */,
				02C099571D3AFA7600625B97 /* etlTests */,
				02C099411D3AFA7600625B97 /* Products */,
			);
			sourceTree = "<group>";
		};
		02C099411D3AFA7600625B97 /* Products */ = {
			isa = PBXGroup;
			children = (
				02C099401D3AFA7600625B97 /* etl.app */,
				02C099541D3AFA7600625B97 /* etlTests.xctest */,
			);
			name = Products;
			sourceTree = "<group>";
		};
		02C099421D3AFA7600625B97 /* etl */ = {
			isa = PBXGroup;
			children = (
				02C099431D3AFA7600625B97 /* AppDelegate.swift */,
				02C099451D3AFA7600625B97 /* ViewController.swift */,
				02C099471D3AFA7600625B97 /* Main.storyboard */,
				02C0994A1D3AFA7600625B97 /* Assets.xcassets */,
				02C0994C1D3AFA7600625B97 /* LaunchScreen.storyboard */,
				02C0994F1D3AFA7600625B97 /* Info.plist */,
				02C0996A1D3AFD6900625B97 /* ETL.swift */,
			);
			path = etl;
			sourceTree = "<group>";
		};
		02C099571D3AFA7600625B97 /* etlTests */ = {
			isa = PBXGroup;
			children = (
				02C099661D3AFBD300625B97 /* EtlTest.swift */,
				02C099581D3AFA7600625B97 /* etlTests.swift */,
				02C0995A1D3AFA7600625B97 /* Info.plist */,
			);
			path = etlTests;
			sourceTree = "<group>";
		};
/* End PBXGroup section */

/* Begin PBXNativeTarget section */
		02C0993F1D3AFA7600625B97 /* etl */ = {
			isa = PBXNativeTarget;
			buildConfigurationList = 02C0995D1D3AFA7600625B97 /* Build configuration list for PBXNativeTarget "etl" */;
			buildPhases = (
				02C0993C1D3AFA7600625B97 /* Sources */,
				02C0993D1D3AFA7600625B97 /* Frameworks */,
				02C0993E1D3AFA7600625B97 /* Resources */,
			);
			buildRules = (
			);
			dependencies = (
			);
			name = etl;
			productName = etl;
			productReference = 02C099401D3AFA7600625B97 /* etl.app */;
			productType = "com.apple.product-type.application";
		};
		02C099531D3AFA7600625B97 /* etlTests */ = {
			isa = PBXNativeTarget;
			buildConfigurationList = 02C099601D3AFA7600625B97 /* Build configuration list for PBXNativeTarget "etlTests" */;
			buildPhases = (
				02C099501D3AFA7600625B97 /* Sources */,
				02C099511D3AFA7600625B97 /* Frameworks */,
				02C099521D3AFA7600625B97 /* Resources */,
			);
			buildRules = (
			);
			dependencies = (
				02C099561D3AFA7600625B97 /* PBXTargetDependency */,
			);
			name = etlTests;
			productName = etlTests;
			productReference = 02C099541D3AFA7600625B97 /* etlTests.xctest */;
			productType = "com.apple.product-type.bundle.unit-test";
		};
/* End PBXNativeTarget section */

/* Begin PBXProject section */
		02C099381D3AFA7600625B97 /* Project object */ = {
			isa = PBXProject;
			attributes = {
				LastSwiftUpdateCheck = 0730;
				LastUpgradeCheck = 0730;
				ORGANIZATIONNAME = garytokman;
				TargetAttributes = {
					02C0993F1D3AFA7600625B97 = {
						CreatedOnToolsVersion = 7.3.1;
					};
					02C099531D3AFA7600625B97 = {
						CreatedOnToolsVersion = 7.3.1;
						TestTargetID = 02C0993F1D3AFA7600625B97;
					};
				};
			};
			buildConfigurationList = 02C0993B1D3AFA7600625B97 /* Build configuration list for PBXProject "etl" */;
			compatibilityVersion = "Xcode 3.2";
			developmentRegion = English;
			hasScannedForEncodings = 0;
			knownRegions = (
				en,
				Base,
			);
			mainGroup = 02C099371D3AFA7600625B97;
			productRefGroup = 02C099411D3AFA7600625B97 /* Products */;
			projectDirPath = "";
			projectRoot = "";
			targets = (
				02C0993F1D3AFA7600625B97 /* etl */,
				02C099531D3AFA7600625B97 /* etlTests */,
			);
		};
/* End PBXProject section */

/* Begin PBXResourcesBuildPhase section */
		02C0993E1D3AFA7600625B97 /* Resources */ = {
			isa = PBXResourcesBuildPhase;
			buildActionMask = 2147483647;
			files = (
				02C0994E1D3AFA7600625B97 /* LaunchScreen.storyboard in Resources */,
				02C0994B1D3AFA7600625B97 /* Assets.xcassets in Resources */,
				02C099491D3AFA7600625B97 /* Main.storyboard in Resources */,
			);
			runOnlyForDeploymentPostprocessing = 0;
		};
		02C099521D3AFA7600625B97 /* Resources */ = {
			isa = PBXResourcesBuildPhase;
			buildActionMask = 2147483647;
			files = (
			);
			runOnlyForDeploymentPostprocessing = 0;
		};
/* End PBXResourcesBuildPhase section */

/* Begin PBXSourcesBuildPhase section */
		02C0993C1D3AFA7600625B97 /* Sources */ = {
			isa = PBXSourcesBuildPhase;
			buildActionMask = 2147483647;
			files = (
				02C099461D3AFA7600625B97 /* ViewController.swift in Sources */,
				02C0996B1D3AFD6900625B97 /* ETL.swift in Sources */,
				02C099441D3AFA7600625B97 /* AppDelegate.swift in Sources */,
			);
			runOnlyForDeploymentPostprocessing = 0;
		};
		02C099501D3AFA7600625B97 /* Sources */ = {
			isa = PBXSourcesBuildPhase;
			buildActionMask = 2147483647;
			files = (
				02C099591D3AFA7600625B97 /* etlTests.swift in Sources */,
				02C0996C1D3AFD6900625B97 /* ETL.swift in Sources */,
				02C099671D3AFBD300625B97 /* EtlTest.swift in Sources */,
			);
			runOnlyForDeploymentPostprocessing = 0;
		};
/* End PBXSourcesBuildPhase section */

/* Begin PBXTargetDependency section */
		02C099561D3AFA7600625B97 /* PBXTargetDependency */ = {
			isa = PBXTargetDependency;
			target = 02C0993F1D3AFA7600625B97 /* etl */;
			targetProxy = 02C099551D3AFA7600625B97 /* PBXContainerItemProxy */;
		};
/* End PBXTargetDependency section */

/* Begin PBXVariantGroup section */
		02C099471D3AFA7600625B97 /* Main.storyboard */ = {
			isa = PBXVariantGroup;
			children = (
				02C099481D3AFA7600625B97 /* Base */,
			);
			name = Main.storyboard;
			sourceTree = "<group>";
		};
		02C0994C1D3AFA7600625B97 /* LaunchScreen.storyboard */ = {
			isa = PBXVariantGroup;
			children = (
				02C0994D1D3AFA7600625B97 /* Base */,
			);
			name = LaunchScreen.storyboard;
			sourceTree = "<group>";
		};
/* End PBXVariantGroup section */

/* Begin XCBuildConfiguration section */
		02C0995B1D3AFA7600625B97 /* Debug */ = {
			isa = XCBuildConfiguration;
			buildSettings = {
				ALWAYS_SEARCH_USER_PATHS = NO;
				CLANG_ANALYZER_NONNULL = YES;
				CLANG_CXX_LANGUAGE_STANDARD = "gnu++0x";
				CLANG_CXX_LIBRARY = "libc++";
				CLANG_ENABLE_MODULES = YES;
				CLANG_ENABLE_OBJC_ARC = YES;
				CLANG_WARN_BOOL_CONVERSION = YES;
				CLANG_WARN_CONSTANT_CONVERSION = YES;
				CLANG_WARN_DIRECT_OBJC_ISA_USAGE = YES_ERROR;
				CLANG_WARN_EMPTY_BODY = YES;
				CLANG_WARN_ENUM_CONVERSION = YES;
				CLANG_WARN_INT_CONVERSION = YES;
				CLANG_WARN_OBJC_ROOT_CLASS = YES_ERROR;
				CLANG_WARN_UNREACHABLE_CODE = YES;
				CLANG_WARN__DUPLICATE_METHOD_MATCH = YES;
				"CODE_SIGN_IDENTITY[sdk=iphoneos*]" = "iPhone Developer";
				COPY_PHASE_STRIP = NO;
				DEBUG_INFORMATION_FORMAT = dwarf;
				ENABLE_STRICT_OBJC_MSGSEND = YES;
				ENABLE_TESTABILITY = YES;
				GCC_C_LANGUAGE_STANDARD = gnu99;
				GCC_DYNAMIC_NO_PIC = NO;
				GCC_NO_COMMON_BLOCKS = YES;
				GCC_OPTIMIZATION_LEVEL = 0;
				GCC_PREPROCESSOR_DEFINITIONS = (
					"DEBUG=1",
					"$(inherited)",
				);
				GCC_WARN_64_TO_32_BIT_CONVERSION = YES;
				GCC_WARN_ABOUT_RETURN_TYPE = YES_ERROR;
				GCC_WARN_UNDECLARED_SELECTOR = YES;
				GCC_WARN_UNINITIALIZED_AUTOS = YES_AGGRESSIVE;
				GCC_WARN_UNUSED_FUNCTION = YES;
				GCC_WARN_UNUSED_VARIABLE = YES;
				IPHONEOS_DEPLOYMENT_TARGET = 9.3;
				MTL_ENABLE_DEBUG_INFO = YES;
				ONLY_ACTIVE_ARCH = YES;
				SDKROOT = iphoneos;
				SWIFT_OPTIMIZATION_LEVEL = "-Onone";
			};
			name = Debug;
		};
		02C0995C1D3AFA7600625B97 /* Release */ = {
			isa = XCBuildConfiguration;
			buildSettings = {
				ALWAYS_SEARCH_USER_PATHS = NO;
				CLANG_ANALYZER_NONNULL = YES;
				CLANG_CXX_LANGUAGE_STANDARD = "gnu++0x";
				CLANG_CXX_LIBRARY = "libc++";
				CLANG_ENABLE_MODULES = YES;
				CLANG_ENABLE_OBJC_ARC = YES;
				CLANG_WARN_BOOL_CONVERSION = YES;
				CLANG_WARN_CONSTANT_CONVERSION = YES;
				CLANG_WARN_DIRECT_OBJC_ISA_USAGE = YES_ERROR;
				CLANG_WARN_EMPTY_BODY = YES;
				CLANG_WARN_ENUM_CONVERSION = YES;
				CLANG_WARN_INT_CONVERSION = YES;
				CLANG_WARN_OBJC_ROOT_CLASS = YES_ERROR;
				CLANG_WARN_UNREACHABLE_CODE = YES;
				CLANG_WARN__DUPLICATE_METHOD_MATCH = YES;
				"CODE_SIGN_IDENTITY[sdk=iphoneos*]" = "iPhone Developer";
				COPY_PHASE_STRIP = NO;
				DEBUG_INFORMATION_FORMAT = "dwarf-with-dsym";
				ENABLE_NS_ASSERTIONS = NO;
				ENABLE_STRICT_OBJC_MSGSEND = YES;
				GCC_C_LANGUAGE_STANDARD = gnu99;
				GCC_NO_COMMON_BLOCKS = YES;
				GCC_WARN_64_TO_32_BIT_CONVERSION = YES;
				GCC_WARN_ABOUT_RETURN_TYPE = YES_ERROR;
				GCC_WARN_UNDECLARED_SELECTOR = YES;
				GCC_WARN_UNINITIALIZED_AUTOS = YES_AGGRESSIVE;
				GCC_WARN_UNUSED_FUNCTION = YES;
				GCC_WARN_UNUSED_VARIABLE = YES;
				IPHONEOS_DEPLOYMENT_TARGET = 9.3;
				MTL_ENABLE_DEBUG_INFO = NO;
				SDKROOT = iphoneos;
				VALIDATE_PRODUCT = YES;
			};
			name = Release;
		};
		02C0995E1D3AFA7600625B97 /* Debug */ = {
			isa = XCBuildConfiguration;
			buildSettings = {
				ASSETCATALOG_COMPILER_APPICON_NAME = AppIcon;
				INFOPLIST_FILE = etl/Info.plist;
				LD_RUNPATH_SEARCH_PATHS = "$(inherited) @executable_path/Frameworks";
				PRODUCT_BUNDLE_IDENTIFIER = com.garytokman.etl;
				PRODUCT_NAME = "$(TARGET_NAME)";
			};
			name = Debug;
		};
		02C0995F1D3AFA7600625B97 /* Release */ = {
			isa = XCBuildConfiguration;
			buildSettings = {
				ASSETCATALOG_COMPILER_APPICON_NAME = AppIcon;
				INFOPLIST_FILE = etl/Info.plist;
				LD_RUNPATH_SEARCH_PATHS = "$(inherited) @executable_path/Frameworks";
				PRODUCT_BUNDLE_IDENTIFIER = com.garytokman.etl;
				PRODUCT_NAME = "$(TARGET_NAME)";
			};
			name = Release;
		};
		02C099611D3AFA7600625B97 /* Debug */ = {
			isa = XCBuildConfiguration;
			buildSettings = {
				BUNDLE_LOADER = "$(TEST_HOST)";
				INFOPLIST_FILE = etlTests/Info.plist;
				LD_RUNPATH_SEARCH_PATHS = "$(inherited) @executable_path/Frameworks @loader_path/Frameworks";
				PRODUCT_BUNDLE_IDENTIFIER = com.garytokman.etlTests;
				PRODUCT_NAME = "$(TARGET_NAME)";
				TEST_HOST = "$(BUILT_PRODUCTS_DIR)/etl.app/etl";
			};
			name = Debug;
		};
		02C099621D3AFA7600625B97 /* Release */ = {
			isa = XCBuildConfiguration;
			buildSettings = {
				BUNDLE_LOADER = "$(TEST_HOST)";
				INFOPLIST_FILE = etlTests/Info.plist;
				LD_RUNPATH_SEARCH_PATHS = "$(inherited) @executable_path/Frameworks @loader_path/Frameworks";
				PRODUCT_BUNDLE_IDENTIFIER = com.garytokman.etlTests;
				PRODUCT_NAME = "$(TARGET_NAME)";
				TEST_HOST = "$(BUILT_PRODUCTS_DIR)/etl.app/etl";
			};
			name = Release;
		};
/* End XCBuildConfiguration section */

/* Begin XCConfigurationList section */
		02C0993B1D3AFA7600625B97 /* Build configuration list for PBXProject "etl" */ = {
			isa = XCConfigurationList;
			buildConfigurations = (
				02C0995B1D3AFA7600625B97 /* Debug */,
				02C0995C1D3AFA7600625B97 /* Release */,
			);
			defaultConfigurationIsVisible = 0;
			defaultConfigurationName = Release;
		};
		02C0995D1D3AFA7600625B97 /* Build configuration list for PBXNativeTarget "etl" */ = {
			isa = XCConfigurationList;
			buildConfigurations = (
				02C0995E1D3AFA7600625B97 /* Debug */,
				02C0995F1D3AFA7600625B97 /* Release */,
			);
			defaultConfigurationIsVisible = 0;
		};
		02C099601D3AFA7600625B97 /* Build configuration list for PBXNativeTarget "etlTests" */ = {
			isa = XCConfigurationList;
			buildConfigurations = (
				02C099611D3AFA7600625B97 /* Debug */,
				02C099621D3AFA7600625B97 /* Release */,
			);
			defaultConfigurationIsVisible = 0;
		};
/* End XCConfigurationList section */
	};
	rootObject = 02C099381D3AFA7600625B97 /* Project object */;
}
